// !$*UTF8*$!
{
	archiveVersion = 1;
	classes = {
	};
	objectVersion = 50;
	objects = {

/* Begin PBXBuildFile section */
		A6FF3FA122CF1682004BB929 /* AppDelegate.m in Sources */ = {isa = PBXBuildFile; fileRef = A6FF3FA022CF1682004BB929 /* AppDelegate.m */; };
		A6FF3FA422CF1682004BB929 /* ViewController.m in Sources */ = {isa = PBXBuildFile; fileRef = A6FF3FA322CF1682004BB929 /* ViewController.m */; };
		A6FF3FA722CF1682004BB929 /* Main.storyboard in Resources */ = {isa = PBXBuildFile; fileRef = A6FF3FA522CF1682004BB929 /* Main.storyboard */; };
		A6FF3FA922CF1685004BB929 /* Assets.xcassets in Resources */ = {isa = PBXBuildFile; fileRef = A6FF3FA822CF1685004BB929 /* Assets.xcassets */; };
		A6FF3FAC22CF1685004BB929 /* LaunchScreen.storyboard in Resources */ = {isa = PBXBuildFile; fileRef = A6FF3FAA22CF1685004BB929 /* LaunchScreen.storyboard */; };
		A6FF3FAF22CF1685004BB929 /* main.m in Sources */ = {isa = PBXBuildFile; fileRef = A6FF3FAE22CF1685004BB929 /* main.m */; };
		A6FF3FB922CF1685004BB929 /* PaoMaDengTests.m in Sources */ = {isa = PBXBuildFile; fileRef = A6FF3FB822CF1685004BB929 /* PaoMaDengTests.m */; };
		A6FF3FC422CF1685004BB929 /* PaoMaDengUITests.m in Sources */ = {isa = PBXBuildFile; fileRef = A6FF3FC322CF1685004BB929 /* PaoMaDengUITests.m */; };
		A6FF3FD322CF16AA004BB929 /* MoreLeaveView.m in Sources */ = {isa = PBXBuildFile; fileRef = A6FF3FD122CF16AA004BB929 /* MoreLeaveView.m */; };
/* End PBXBuildFile section */

/* Begin PBXContainerItemProxy section */
		A6FF3FB522CF1685004BB929 /* PBXContainerItemProxy */ = {
			isa = PBXContainerItemProxy;
			containerPortal = A6FF3F9422CF1682004BB929 /* Project object */;
			proxyType = 1;
			remoteGlobalIDString = A6FF3F9B22CF1682004BB929;
			remoteInfo = PaoMaDeng;
		};
		A6FF3FC022CF1685004BB929 /* PBXContainerItemProxy */ = {
			isa = PBXContainerItemProxy;
			containerPortal = A6FF3F9422CF1682004BB929 /* Project object */;
			proxyType = 1;
			remoteGlobalIDString = A6FF3F9B22CF1682004BB929;
			remoteInfo = PaoMaDeng;
		};
/* End PBXContainerItemProxy section */

/* Begin PBXFileReference section */
		A6FF3F9C22CF1682004BB929 /* PaoMaDeng.app */ = {isa = PBXFileReference; explicitFileType = wrapper.application; includeInIndex = 0; path = PaoMaDeng.app; sourceTree = BUILT_PRODUCTS_DIR; };
		A6FF3F9F22CF1682004BB929 /* AppDelegate.h */ = {isa = PBXFileReference; lastKnownFileType = sourcecode.c.h; path = AppDelegate.h; sourceTree = "<group>"; };
		A6FF3FA022CF1682004BB929 /* AppDelegate.m */ = {isa = PBXFileReference; lastKnownFileType = sourcecode.c.objc; path = AppDelegate.m; sourceTree = "<group>"; };
		A6FF3FA222CF1682004BB929 /* ViewController.h */ = {isa = PBXFileReference; lastKnownFileType = sourcecode.c.h; path = ViewController.h; sourceTree = "<group>"; };
		A6FF3FA322CF1682004BB929 /* ViewController.m */ = {isa = PBXFileReference; lastKnownFileType = sourcecode.c.objc; path = ViewController.m; sourceTree = "<group>"; };
		A6FF3FA622CF1682004BB929 /* Base */ = {isa = PBXFileReference; lastKnownFileType = file.storyboard; name = Base; path = Base.lproj/Main.storyboard; sourceTree = "<group>"; };
		A6FF3FA822CF1685004BB929 /* Assets.xcassets */ = {isa = PBXFileReference; lastKnownFileType = folder.assetcatalog; path = Assets.xcassets; sourceTree = "<group>"; };
		A6FF3FAB22CF1685004BB929 /* Base */ = {isa = PBXFileReference; lastKnownFileType = file.storyboard; name = Base; path = Base.lproj/LaunchScreen.storyboard; sourceTree = "<group>"; };
		A6FF3FAD22CF1685004BB929 /* Info.plist */ = {isa = PBXFileReference; lastKnownFileType = text.plist.xml; path = Info.plist; sourceTree = "<group>"; };
		A6FF3FAE22CF1685004BB929 /* main.m */ = {isa = PBXFileReference; lastKnownFileType = sourcecode.c.objc; path = main.m; sourceTree = "<group>"; };
		A6FF3FB422CF1685004BB929 /* PaoMaDengTests.xctest */ = {isa = PBXFileReference; explicitFileType = wrapper.cfbundle; includeInIndex = 0; path = PaoMaDengTests.xctest; sourceTree = BUILT_PRODUCTS_DIR; };
		A6FF3FB822CF1685004BB929 /* PaoMaDengTests.m */ = {isa = PBXFileReference; lastKnownFileType = sourcecode.c.objc; path = PaoMaDengTests.m; sourceTree = "<group>"; };
		A6FF3FBA22CF1685004BB929 /* Info.plist */ = {isa = PBXFileReference; lastKnownFileType = text.plist.xml; path = Info.plist; sourceTree = "<group>"; };
		A6FF3FBF22CF1685004BB929 /* PaoMaDengUITests.xctest */ = {isa = PBXFileReference; explicitFileType = wrapper.cfbundle; includeInIndex = 0; path = PaoMaDengUITests.xctest; sourceTree = BUILT_PRODUCTS_DIR; };
		A6FF3FC322CF1685004BB929 /* PaoMaDengUITests.m */ = {isa = PBXFileReference; lastKnownFileType = sourcecode.c.objc; path = PaoMaDengUITests.m; sourceTree = "<group>"; };
		A6FF3FC522CF1685004BB929 /* Info.plist */ = {isa = PBXFileReference; lastKnownFileType = text.plist.xml; path = Info.plist; sourceTree = "<group>"; };
		A6FF3FD122CF16AA004BB929 /* MoreLeaveView.m */ = {isa = PBXFileReference; fileEncoding = 4; lastKnownFileType = sourcecode.c.objc; path = MoreLeaveView.m; sourceTree = "<group>"; };
		A6FF3FD222CF16AA004BB929 /* MoreLeaveView.h */ = {isa = PBXFileReference; fileEncoding = 4; lastKnownFileType = sourcecode.c.h; path = MoreLeaveView.h; sourceTree = "<group>"; };
/* End PBXFileReference section */

/* Begin PBXFrameworksBuildPhase section */
		A6FF3F9922CF1682004BB929 /* Frameworks */ = {
			isa = PBXFrameworksBuildPhase;
			buildActionMask = 2147483647;
			files = (
			);
			runOnlyForDeploymentPostprocessing = 0;
		};
		A6FF3FB122CF1685004BB929 /* Frameworks */ = {
			isa = PBXFrameworksBuildPhase;
			buildActionMask = 2147483647;
			files = (
			);
			runOnlyForDeploymentPostprocessing = 0;
		};
		A6FF3FBC22CF1685004BB929 /* Frameworks */ = {
			isa = PBXFrameworksBuildPhase;
			buildActionMask = 2147483647;
			files = (
			);
			runOnlyForDeploymentPostprocessing = 0;
		};
/* End PBXFrameworksBuildPhase section */

/* Begin PBXGroup section */
		A6FF3F9322CF1682004BB929 = {
			isa = PBXGroup;
			children = (
				A6FF3F9E22CF1682004BB929 /* PaoMaDeng */,
				A6FF3FB722CF1685004BB929 /* PaoMaDengTests */,
				A6FF3FC222CF1685004BB929 /* PaoMaDengUITests */,
				A6FF3F9D22CF1682004BB929 /* Products */,
			);
			sourceTree = "<group>";
		};
		A6FF3F9D22CF1682004BB929 /* Products */ = {
			isa = PBXGroup;
			children = (
				A6FF3F9C22CF1682004BB929 /* PaoMaDeng.app */,
				A6FF3FB422CF1685004BB929 /* PaoMaDengTests.xctest */,
				A6FF3FBF22CF1685004BB929 /* PaoMaDengUITests.xctest */,
			);
			name = Products;
			sourceTree = "<group>";
		};
		A6FF3F9E22CF1682004BB929 /* PaoMaDeng */ = {
			isa = PBXGroup;
			children = (
				A6FF3FD222CF16AA004BB929 /* MoreLeaveView.h */,
				A6FF3FD122CF16AA004BB929 /* MoreLeaveView.m */,
				A6FF3F9F22CF1682004BB929 /* AppDelegate.h */,
				A6FF3FA022CF1682004BB929 /* AppDelegate.m */,
				A6FF3FA222CF1682004BB929 /* ViewController.h */,
				A6FF3FA322CF1682004BB929 /* ViewController.m */,
				A6FF3FA522CF1682004BB929 /* Main.storyboard */,
				A6FF3FA822CF1685004BB929 /* Assets.xcassets */,
				A6FF3FAA22CF1685004BB929 /* LaunchScreen.storyboard */,
				A6FF3FAD22CF1685004BB929 /* Info.plist */,
				A6FF3FAE22CF1685004BB929 /* main.m */,
			);
			path = PaoMaDeng;
			sourceTree = "<group>";
		};
		A6FF3FB722CF1685004BB929 /* PaoMaDengTests */ = {
			isa = PBXGroup;
			children = (
				A6FF3FB822CF1685004BB929 /* PaoMaDengTests.m */,
				A6FF3FBA22CF1685004BB929 /* Info.plist */,
			);
			path = PaoMaDengTests;
			sourceTree = "<group>";
		};
		A6FF3FC222CF1685004BB929 /* PaoMaDengUITests */ = {
			isa = PBXGroup;
			children = (
				A6FF3FC322CF1685004BB929 /* PaoMaDengUITests.m */,
				A6FF3FC522CF1685004BB929 /* Info.plist */,
			);
			path = PaoMaDengUITests;
			sourceTree = "<group>";
		};
/* End PBXGroup section */

/* Begin PBXNativeTarget section */
		A6FF3F9B22CF1682004BB929 /* PaoMaDeng */ = {
			isa = PBXNativeTarget;
			buildConfigurationList = A6FF3FC822CF1685004BB929 /* Build configuration list for PBXNativeTarget "PaoMaDeng" */;
			buildPhases = (
				A6FF3F9822CF1682004BB929 /* Sources */,
				A6FF3F9922CF1682004BB929 /* Frameworks */,
				A6FF3F9A22CF1682004BB929 /* Resources */,
			);
			buildRules = (
			);
			dependencies = (
			);
			name = PaoMaDeng;
			productName = PaoMaDeng;
			productReference = A6FF3F9C22CF1682004BB929 /* PaoMaDeng.app */;
			productType = "com.apple.product-type.application";
		};
		A6FF3FB322CF1685004BB929 /* PaoMaDengTests */ = {
			isa = PBXNativeTarget;
			buildConfigurationList = A6FF3FCB22CF1685004BB929 /* Build configuration list for PBXNativeTarget "PaoMaDengTests" */;
			buildPhases = (
				A6FF3FB022CF1685004BB929 /* Sources */,
				A6FF3FB122CF1685004BB929 /* Frameworks */,
				A6FF3FB222CF1685004BB929 /* Resources */,
			);
			buildRules = (
			);
			dependencies = (
				A6FF3FB622CF1685004BB929 /* PBXTargetDependency */,
			);
			name = PaoMaDengTests;
			productName = PaoMaDengTests;
			productReference = A6FF3FB422CF1685004BB929 /* PaoMaDengTests.xctest */;
			productType = "com.apple.product-type.bundle.unit-test";
		};
		A6FF3FBE22CF1685004BB929 /* PaoMaDengUITests */ = {
			isa = PBXNativeTarget;
			buildConfigurationList = A6FF3FCE22CF1685004BB929 /* Build configuration list for PBXNativeTarget "PaoMaDengUITests" */;
			buildPhases = (
				A6FF3FBB22CF1685004BB929 /* Sources */,
				A6FF3FBC22CF1685004BB929 /* Frameworks */,
				A6FF3FBD22CF1685004BB929 /* Resources */,
			);
			buildRules = (
			);
			dependencies = (
				A6FF3FC122CF1685004BB929 /* PBXTargetDependency */,
			);
			name = PaoMaDengUITests;
			productName = PaoMaDengUITests;
			productReference = A6FF3FBF22CF1685004BB929 /* PaoMaDengUITests.xctest */;
			productType = "com.apple.product-type.bundle.ui-testing";
		};
/* End PBXNativeTarget section */

/* Begin PBXProject section */
		A6FF3F9422CF1682004BB929 /* Project object */ = {
			isa = PBXProject;
			attributes = {
				LastUpgradeCheck = 0940;
				ORGANIZATIONNAME = "张奥";
				TargetAttributes = {
					A6FF3F9B22CF1682004BB929 = {
						CreatedOnToolsVersion = 9.4.1;
					};
					A6FF3FB322CF1685004BB929 = {
						CreatedOnToolsVersion = 9.4.1;
						TestTargetID = A6FF3F9B22CF1682004BB929;
					};
					A6FF3FBE22CF1685004BB929 = {
						CreatedOnToolsVersion = 9.4.1;
						TestTargetID = A6FF3F9B22CF1682004BB929;
					};
				};
			};
			buildConfigurationList = A6FF3F9722CF1682004BB929 /* Build configuration list for PBXProject "PaoMaDeng" */;
			compatibilityVersion = "Xcode 9.3";
			developmentRegion = en;
			hasScannedForEncodings = 0;
			knownRegions = (
				en,
				Base,
			);
			mainGroup = A6FF3F9322CF1682004BB929;
			productRefGroup = A6FF3F9D22CF1682004BB929 /* Products */;
			projectDirPath = "";
			projectRoot = "";
			targets = (
				A6FF3F9B22CF1682004BB929 /* PaoMaDeng */,
				A6FF3FB322CF1685004BB929 /* PaoMaDengTests */,
				A6FF3FBE22CF1685004BB929 /* PaoMaDengUITests */,
			);
		};
/* End PBXProject section */

/* Begin PBXResourcesBuildPhase section */
		A6FF3F9A22CF1682004BB929 /* Resources */ = {
			isa = PBXResourcesBuildPhase;
			buildActionMask = 2147483647;
			files = (
				A6FF3FAC22CF1685004BB929 /* LaunchScreen.storyboard in Resources */,
				A6FF3FA922CF1685004BB929 /* Assets.xcassets in Resources */,
				A6FF3FA722CF1682004BB929 /* Main.storyboard in Resources */,
			);
			runOnlyForDeploymentPostprocessing = 0;
		};
		A6FF3FB222CF1685004BB929 /* Resources */ = {
			isa = PBXResourcesBuildPhase;
			buildActionMask = 2147483647;
			files = (
			);
			runOnlyForDeploymentPostprocessing = 0;
		};
		A6FF3FBD22CF1685004BB929 /* Resources */ = {
			isa = PBXResourcesBuildPhase;
			buildActionMask = 2147483647;
			files = (
			);
			runOnlyForDeploymentPostprocessing = 0;
		};
/* End PBXResourcesBuildPhase section */

/* Begin PBXSourcesBuildPhase section */
		A6FF3F9822CF1682004BB929 /* Sources */ = {
			isa = PBXSourcesBuildPhase;
			buildActionMask = 2147483647;
			files = (
				A6FF3FA422CF1682004BB929 /* ViewController.m in Sources */,
				A6FF3FD322CF16AA004BB929 /* MoreLeaveView.m in Sources */,
				A6FF3FAF22CF1685004BB929 /* main.m in Sources */,
				A6FF3FA122CF1682004BB929 /* AppDelegate.m in Sources */,
			);
			runOnlyForDeploymentPostprocessing = 0;
		};
		A6FF3FB022CF1685004BB929 /* Sources */ = {
			isa = PBXSourcesBuildPhase;
			buildActionMask = 2147483647;
			files = (
				A6FF3FB922CF1685004BB929 /* PaoMaDengTests.m in Sources */,
			);
			runOnlyForDeploymentPostprocessing = 0;
		};
		A6FF3FBB22CF1685004BB929 /* Sources */ = {
			isa = PBXSourcesBuildPhase;
			buildActionMask = 2147483647;
			files = (
				A6FF3FC422CF1685004BB929 /* PaoMaDengUITests.m in Sources */,
			);
			runOnlyForDeploymentPostprocessing = 0;
		};
/* End PBXSourcesBuildPhase section */

/* Begin PBXTargetDependency section */
		A6FF3FB622CF1685004BB929 /* PBXTargetDependency */ = {
			isa = PBXTargetDependency;
			target = A6FF3F9B22CF1682004BB929 /* PaoMaDeng */;
			targetProxy = A6FF3FB522CF1685004BB929 /* PBXContainerItemProxy */;
		};
		A6FF3FC122CF1685004BB929 /* PBXTargetDependency */ = {
			isa = PBXTargetDependency;
			target = A6FF3F9B22CF1682004BB929 /* PaoMaDeng */;
			targetProxy = A6FF3FC022CF1685004BB929 /* PBXContainerItemProxy */;
		};
/* End PBXTargetDependency section */

/* Begin PBXVariantGroup section */
		A6FF3FA522CF1682004BB929 /* Main.storyboard */ = {
			isa = PBXVariantGroup;
			children = (
				A6FF3FA622CF1682004BB929 /* Base */,
			);
			name = Main.storyboard;
			sourceTree = "<group>";
		};
		A6FF3FAA22CF1685004BB929 /* LaunchScreen.storyboard */ = {
			isa = PBXVariantGroup;
			children = (
				A6FF3FAB22CF1685004BB929 /* Base */,
			);
			name = LaunchScreen.storyboard;
			sourceTree = "<group>";
		};
/* End PBXVariantGroup section */

/* Begin XCBuildConfiguration section */
		A6FF3FC622CF1685004BB929 /* Debug */ = {
			isa = XCBuildConfiguration;
			buildSettings = {
				ALWAYS_SEARCH_USER_PATHS = NO;
				CLANG_ANALYZER_NONNULL = YES;
				CLANG_ANALYZER_NUMBER_OBJECT_CONVERSION = YES_AGGRESSIVE;
				CLANG_CXX_LANGUAGE_STANDARD = "gnu++14";
				CLANG_CXX_LIBRARY = "libc++";
				CLANG_ENABLE_MODULES = YES;
				CLANG_ENABLE_OBJC_ARC = YES;
				CLANG_ENABLE_OBJC_WEAK = YES;
				CLANG_WARN_BLOCK_CAPTURE_AUTORELEASING = YES;
				CLANG_WARN_BOOL_CONVERSION = YES;
				CLANG_WARN_COMMA = YES;
				CLANG_WARN_CONSTANT_CONVERSION = YES;
				CLANG_WARN_DEPRECATED_OBJC_IMPLEMENTATIONS = YES;
				CLANG_WARN_DIRECT_OBJC_ISA_USAGE = YES_ERROR;
				CLANG_WARN_DOCUMENTATION_COMMENTS = YES;
				CLANG_WARN_EMPTY_BODY = YES;
				CLANG_WARN_ENUM_CONVERSION = YES;
				CLANG_WARN_INFINITE_RECURSION = YES;
				CLANG_WARN_INT_CONVERSION = YES;
				CLANG_WARN_NON_LITERAL_NULL_CONVERSION = YES;
				CLANG_WARN_OBJC_IMPLICIT_RETAIN_SELF = YES;
				CLANG_WARN_OBJC_LITERAL_CONVERSION = YES;
				CLANG_WARN_OBJC_ROOT_CLASS = YES_ERROR;
				CLANG_WARN_RANGE_LOOP_ANALYSIS = YES;
				CLANG_WARN_STRICT_PROTOTYPES = YES;
				CLANG_WARN_SUSPICIOUS_MOVE = YES;
				CLANG_WARN_UNGUARDED_AVAILABILITY = YES_AGGRESSIVE;
				CLANG_WARN_UNREACHABLE_CODE = YES;
				CLANG_WARN__DUPLICATE_METHOD_MATCH = YES;
				CODE_SIGN_IDENTITY = "iPhone Developer";
				COPY_PHASE_STRIP = NO;
				DEBUG_INFORMATION_FORMAT = dwarf;
				ENABLE_STRICT_OBJC_MSGSEND = YES;
				ENABLE_TESTABILITY = YES;
				GCC_C_LANGUAGE_STANDARD = gnu11;
				GCC_DYNAMIC_NO_PIC = NO;
				GCC_NO_COMMON_BLOCKS = YES;
				GCC_OPTIMIZATION_LEVEL = 0;
				GCC_PREPROCESSOR_DEFINITIONS = (
					"DEBUG=1",
					"$(inherited)",
				);
				GCC_WARN_64_TO_32_BIT_CONVERSION = YES;
				GCC_WARN_ABOUT_RETURN_TYPE = YES_ERROR;
				GCC_WARN_UNDECLARED_SELECTOR = YES;
				GCC_WARN_UNINITIALIZED_AUTOS = YES_AGGRESSIVE;
				GCC_WARN_UNUSED_FUNCTION = YES;
				GCC_WARN_UNUSED_VARIABLE = YES;
				IPHONEOS_DEPLOYMENT_TARGET = 11.4;
				MTL_ENABLE_DEBUG_INFO = YES;
				ONLY_ACTIVE_ARCH = YES;
				SDKROOT = iphoneos;
			};
			name = Debug;
		};
		A6FF3FC722CF1685004BB929 /* Release */ = {
			isa = XCBuildConfiguration;
			buildSettings = {
				ALWAYS_SEARCH_USER_PATHS = NO;
				CLANG_ANALYZER_NONNULL = YES;
				CLANG_ANALYZER_NUMBER_OBJECT_CONVERSION = YES_AGGRESSIVE;
				CLANG_CXX_LANGUAGE_STANDARD = "gnu++14";
				CLANG_CXX_LIBRARY = "libc++";
				CLANG_ENABLE_MODULES = YES;
				CLANG_ENABLE_OBJC_ARC = YES;
				CLANG_ENABLE_OBJC_WEAK = YES;
				CLANG_WARN_BLOCK_CAPTURE_AUTORELEASING = YES;
				CLANG_WARN_BOOL_CONVERSION = YES;
				CLANG_WARN_COMMA = YES;
				CLANG_WARN_CONSTANT_CONVERSION = YES;
				CLANG_WARN_DEPRECATED_OBJC_IMPLEMENTATIONS = YES;
				CLANG_WARN_DIRECT_OBJC_ISA_USAGE = YES_ERROR;
				CLANG_WARN_DOCUMENTATION_COMMENTS = YES;
				CLANG_WARN_EMPTY_BODY = YES;
				CLANG_WARN_ENUM_CONVERSION = YES;
				CLANG_WARN_INFINITE_RECURSION = YES;
				CLANG_WARN_INT_CONVERSION = YES;
				CLANG_WARN_NON_LITERAL_NULL_CONVERSION = YES;
				CLANG_WARN_OBJC_IMPLICIT_RETAIN_SELF = YES;
				CLANG_WARN_OBJC_LITERAL_CONVERSION = YES;
				CLANG_WARN_OBJC_ROOT_CLASS = YES_ERROR;
				CLANG_WARN_RANGE_LOOP_ANALYSIS = YES;
				CLANG_WARN_STRICT_PROTOTYPES = YES;
				CLANG_WARN_SUSPICIOUS_MOVE = YES;
				CLANG_WARN_UNGUARDED_AVAILABILITY = YES_AGGRESSIVE;
				CLANG_WARN_UNREACHABLE_CODE = YES;
				CLANG_WARN__DUPLICATE_METHOD_MATCH = YES;
				CODE_SIGN_IDENTITY = "iPhone Developer";
				COPY_PHASE_STRIP = NO;
				DEBUG_INFORMATION_FORMAT = "dwarf-with-dsym";
				ENABLE_NS_ASSERTIONS = NO;
				ENABLE_STRICT_OBJC_MSGSEND = YES;
				GCC_C_LANGUAGE_STANDARD = gnu11;
				GCC_NO_COMMON_BLOCKS = YES;
				GCC_WARN_64_TO_32_BIT_CONVERSION = YES;
				GCC_WARN_ABOUT_RETURN_TYPE = YES_ERROR;
				GCC_WARN_UNDECLARED_SELECTOR = YES;
				GCC_WARN_UNINITIALIZED_AUTOS = YES_AGGRESSIVE;
				GCC_WARN_UNUSED_FUNCTION = YES;
				GCC_WARN_UNUSED_VARIABLE = YES;
				IPHONEOS_DEPLOYMENT_TARGET = 11.4;
				MTL_ENABLE_DEBUG_INFO = NO;
				SDKROOT = iphoneos;
				VALIDATE_PRODUCT = YES;
			};
			name = Release;
		};
		A6FF3FC922CF1685004BB929 /* Debug */ = {
			isa = XCBuildConfiguration;
			buildSettings = {
				ASSETCATALOG_COMPILER_APPICON_NAME = AppIcon;
				CODE_SIGN_STYLE = Automatic;
				INFOPLIST_FILE = PaoMaDeng/Info.plist;
				LD_RUNPATH_SEARCH_PATHS = (
					"$(inherited)",
					"@executable_path/Frameworks",
				);
				PRODUCT_BUNDLE_IDENTIFIER = com.aozhang.PaoMaDeng;
				PRODUCT_NAME = "$(TARGET_NAME)";
				TARGETED_DEVICE_FAMILY = "1,2";
			};
			name = Debug;
		};
		A6FF3FCA22CF1685004BB929 /* Release */ = {
			isa = XCBuildConfiguration;
			buildSettings = {
				ASSETCATALOG_COMPILER_APPICON_NAME = AppIcon;
				CODE_SIGN_STYLE = Automatic;
				INFOPLIST_FILE = PaoMaDeng/Info.plist;
				LD_RUNPATH_SEARCH_PATHS = (
					"$(inherited)",
					"@executable_path/Frameworks",
				);
				PRODUCT_BUNDLE_IDENTIFIER = com.aozhang.PaoMaDeng;
				PRODUCT_NAME = "$(TARGET_NAME)";
				TARGETED_DEVICE_FAMILY = "1,2";
			};
			name = Release;
		};
		A6FF3FCC22CF1685004BB929 /* Debug */ = {
			isa = XCBuildConfiguration;
			buildSettings = {
				BUNDLE_LOADER = "$(TEST_HOST)";
				CODE_SIGN_STYLE = Automatic;
				INFOPLIST_FILE = PaoMaDengTests/Info.plist;
				LD_RUNPATH_SEARCH_PATHS = (
					"$(inherited)",
					"@executable_path/Frameworks",
					"@loader_path/Frameworks",
				);
				PRODUCT_BUNDLE_IDENTIFIER = com.aozhang.PaoMaDengTests;
				PRODUCT_NAME = "$(TARGET_NAME)";
				TARGETED_DEVICE_FAMILY = "1,2";
				TEST_HOST = "$(BUILT_PRODUCTS_DIR)/PaoMaDeng.app/PaoMaDeng";
			};
			name = Debug;
		};
		A6FF3FCD22CF1685004BB929 /* Release */ = {
			isa = XCBuildConfiguration;
			buildSettings = {
				BUNDLE_LOADER = "$(TEST_HOST)";
				CODE_SIGN_STYLE = Automatic;
				INFOPLIST_FILE = PaoMaDengTests/Info.plist;
				LD_RUNPATH_SEARCH_PATHS = (
					"$(inherited)",
					"@executable_path/Frameworks",
					"@loader_path/Frameworks",
				);
				PRODUCT_BUNDLE_IDENTIFIER = com.aozhang.PaoMaDengTests;
				PRODUCT_NAME = "$(TARGET_NAME)";
				TARGETED_DEVICE_FAMILY = "1,2";
				TEST_HOST = "$(BUILT_PRODUCTS_DIR)/PaoMaDeng.app/PaoMaDeng";
			};
			name = Release;
		};
		A6FF3FCF22CF1685004BB929 /* Debug */ = {
			isa = XCBuildConfiguration;
			buildSettings = {
				CODE_SIGN_STYLE = Automatic;
				INFOPLIST_FILE = PaoMaDengUITests/Info.plist;
				LD_RUNPATH_SEARCH_PATHS = (
					"$(inherited)",
					"@executable_path/Frameworks",
					"@loader_path/Frameworks",
				);
				PRODUCT_BUNDLE_IDENTIFIER = com.aozhang.PaoMaDengUITests;
				PRODUCT_NAME = "$(TARGET_NAME)";
				TARGETED_DEVICE_FAMILY = "1,2";
				TEST_TARGET_NAME = PaoMaDeng;
			};
			name = Debug;
		};
		A6FF3FD022CF1685004BB929 /* Release */ = {
			isa = XCBuildConfiguration;
			buildSettings = {
				CODE_SIGN_STYLE = Automatic;
				INFOPLIST_FILE = PaoMaDengUITests/Info.plist;
				LD_RUNPATH_SEARCH_PATHS = (
					"$(inherited)",
					"@executable_path/Frameworks",
					"@loader_path/Frameworks",
				);
				PRODUCT_BUNDLE_IDENTIFIER = com.aozhang.PaoMaDengUITests;
				PRODUCT_NAME = "$(TARGET_NAME)";
				TARGETED_DEVICE_FAMILY = "1,2";
				TEST_TARGET_NAME = PaoMaDeng;
			};
			name = Release;
		};
/* End XCBuildConfiguration section */

/* Begin XCConfigurationList section */
		A6FF3F9722CF1682004BB929 /* Build configuration list for PBXProject "PaoMaDeng" */ = {
			isa = XCConfigurationList;
			buildConfigurations = (
				A6FF3FC622CF1685004BB929 /* Debug */,
				A6FF3FC722CF1685004BB929 /* Release */,
			);
			defaultConfigurationIsVisible = 0;
			defaultConfigurationName = Release;
		};
		A6FF3FC822CF1685004BB929 /* Build configuration list for PBXNativeTarget "PaoMaDeng" */ = {
			isa = XCConfigurationList;
			buildConfigurations = (
				A6FF3FC922CF1685004BB929 /* Debug */,
				A6FF3FCA22CF1685004BB929 /* Release */,
			);
			defaultConfigurationIsVisible = 0;
			defaultConfigurationName = Release;
		};
		A6FF3FCB22CF1685004BB929 /* Build configuration list for PBXNativeTarget "PaoMaDengTests" */ = {
			isa = XCConfigurationList;
			buildConfigurations = (
				A6FF3FCC22CF1685004BB929 /* Debug */,
				A6FF3FCD22CF1685004BB929 /* Release */,
			);
			defaultConfigurationIsVisible = 0;
			defaultConfigurationName = Release;
		};
		A6FF3FCE22CF1685004BB929 /* Build configuration list for PBXNativeTarget "PaoMaDengUITests" */ = {
			isa = XCConfigurationList;
			buildConfigurations = (
				A6FF3FCF22CF1685004BB929 /* Debug */,
				A6FF3FD022CF1685004BB929 /* Release */,
			);
			defaultConfigurationIsVisible = 0;
			defaultConfigurationName = Release;
		};
/* End XCConfigurationList section */
	};
	rootObject = A6FF3F9422CF1682004BB929 /* Project object */;
}
